
Microsoft Visual Studio Solution File, Format Version 11.00
# Visual C++ Express 2010
Project("{8BC9CEB8-8B4A-11D0-8D11-00A0C91BC942}") = "D3D11Sample01", "D3D11Sample01\D3D11Sample01.vcxproj", "{C040F22F-159B-4778-8420-CBA8669520E9}"
EndProject
Project("{8BC9CEB8-8B4A-11D0-8D11-00A0C91BC942}") = "D3D11Sample02", "D3D11Sample02\D3D11Sample02.vcxproj", "{DD924FB9-84C7-4755-BDE9-8C8E7CF11891}"
EndProject
Project("{8BC9CEB8-8B4A-11D0-8D11-00A0C91BC942}") = "D3D11Sample03", "D3D11Sample03\D3D11Sample03.vcxproj", "{9363496E-34E8-4020-A6D0-B30F4C4C5040}"
EndProject
Project("{8BC9CEB8-8B4A-11D0-8D11-00A0C91BC942}") = "D3D11Sample04", "D3D11Sample04\D3D11Sample04.vcxproj", "{7B1B4FA1-9EFB-49BF-A27C-0E3ABD70D959}"
EndProject
Project("{8BC9CEB8-8B4A-11D0-8D11-00A0C91BC942}") = "D3D11Sample05", "D3D11Sample05\D3D11Sample05.vcxproj", "{89560F73-BCFE-4955-BFB7-AAA690CD62AB}"
EndProject
Project("{8BC9CEB8-8B4A-11D0-8D11-00A0C91BC942}") = "D3D11Sample06", "D3D11Sample06\D3D11Sample06.vcxproj", "{50C39BAB-D7DF-48F1-963C-7697FEE24C6F}"
EndProject
Project("{8BC9CEB8-8B4A-11D0-8D11-00A0C91BC942}") = "D3D11Sample07", "D3D11Sample07\D3D11Sample07.vcxproj", "{5BA8094A-76C4-4524-BDA9-6FB961DDC256}"
EndProject
Project("{8BC9CEB8-8B4A-11D0-8D11-00A0C91BC942}") = "D3D11Sample08", "D3D11Sample08\D3D11Sample08.vcxproj", "{C1476714-3351-4D33-A734-4AEBDDE5EFE2}"
EndProject
Project("{8BC9CEB8-8B4A-11D0-8D11-00A0C91BC942}") = "D3D11Sample09", "D3D11Sample09\D3D11Sample09.vcxproj", "{AEE22DB5-8DDA-4E45-9EBF-E83C6D7673C0}"
EndProject
Project("{8BC9CEB8-8B4A-11D0-8D11-00A0C91BC942}") = "D3D11Sample10", "D3D11Sample10\D3D11Sample10.vcxproj", "{987314BF-804D-40E9-BE2D-B55354B301B2}"
EndProject
Project("{8BC9CEB8-8B4A-11D0-8D11-00A0C91BC942}") = "D3D11Sample11", "D3D11Sample11\D3D11Sample11.vcxproj", "{E1342ED5-E1D1-447D-90CF-B4F3FDD71202}"
EndProject
Project("{8BC9CEB8-8B4A-11D0-8D11-00A0C91BC942}") = "D3D11Sample12", "D3D11Sample12\D3D11Sample12.vcxproj", "{957130A6-E023-4EA7-8DA6-1B9102FDF047}"
EndProject
Project("{8BC9CEB8-8B4A-11D0-8D11-00A0C91BC942}") = "D3D11Sample13", "D3D11Sample13\D3D11Sample13.vcxproj", "{2BA1FE4A-EEBE-414E-B1FE-C8233EECED14}"
EndProject
Project("{8BC9CEB8-8B4A-11D0-8D11-00A0C91BC942}") = "D3D11Sample14", "D3D11Sample14\D3D11Sample14.vcxproj", "{401718F0-F4C1-41E3-A1CD-7DDD03904DC6}"
EndProject
Project("{8BC9CEB8-8B4A-11D0-8D11-00A0C91BC942}") = "D3D11Sample15", "D3D11Sample15\D3D11Sample15.vcxproj", "{5B472A3D-F9CA-4186-99D6-118171AEBFDB}"
EndProject
Project("{8BC9CEB8-8B4A-11D0-8D11-00A0C91BC942}") = "D3D11Sample16", "D3D11Sample16\D3D11Sample16.vcxproj", "{1D40F811-0A2E-44AF-845A-042DC491AB8C}"
EndProject
Project("{8BC9CEB8-8B4A-11D0-8D11-00A0C91BC942}") = "D3D11Sample17", "D3D11Sample17\D3D11Sample17.vcxproj", "{537BB16A-183F-47FF-BA0F-74068A7DF64A}"
EndProject
Project("{8BC9CEB8-8B4A-11D0-8D11-00A0C91BC942}") = "D3D11Sample18", "D3D11Sample18\D3D11Sample18.vcxproj", "{312AA9FA-FE54-4C25-B2A6-5AA0789592B7}"
EndProject
Project("{8BC9CEB8-8B4A-11D0-8D11-00A0C91BC942}") = "D3D11Sample19", "D3D11Sample19\D3D11Sample19.vcxproj", "{443EF107-B02F-4E4A-AD48-350043FF821B}"
EndProject
Global
	GlobalSection(SolutionConfigurationPlatforms) = preSolution
		Debug|Win32 = Debug|Win32
		Release|Win32 = Release|Win32
	EndGlobalSection
	GlobalSection(ProjectConfigurationPlatforms) = postSolution
		{C040F22F-159B-4778-8420-CBA8669520E9}.Debug|Win32.ActiveCfg = Debug|Win32
		{C040F22F-159B-4778-8420-CBA8669520E9}.Debug|Win32.Build.0 = Debug|Win32
		{C040F22F-159B-4778-8420-CBA8669520E9}.Release|Win32.ActiveCfg = Release|Win32
		{C040F22F-159B-4778-8420-CBA8669520E9}.Release|Win32.Build.0 = Release|Win32
		{DD924FB9-84C7-4755-BDE9-8C8E7CF11891}.Debug|Win32.ActiveCfg = Debug|Win32
		{DD924FB9-84C7-4755-BDE9-8C8E7CF11891}.Debug|Win32.Build.0 = Debug|Win32
		{DD924FB9-84C7-4755-BDE9-8C8E7CF11891}.Release|Win32.ActiveCfg = Release|Win32
		{DD924FB9-84C7-4755-BDE9-8C8E7CF11891}.Release|Win32.Build.0 = Release|Win32
		{9363496E-34E8-4020-A6D0-B30F4C4C5040}.Debug|Win32.ActiveCfg = Debug|Win32
		{9363496E-34E8-4020-A6D0-B30F4C4C5040}.Debug|Win32.Build.0 = Debug|Win32
		{9363496E-34E8-4020-A6D0-B30F4C4C5040}.Release|Win32.ActiveCfg = Release|Win32
		{9363496E-34E8-4020-A6D0-B30F4C4C5040}.Release|Win32.Build.0 = Release|Win32
		{7B1B4FA1-9EFB-49BF-A27C-0E3ABD70D959}.Debug|Win32.ActiveCfg = Debug|Win32
		{7B1B4FA1-9EFB-49BF-A27C-0E3ABD70D959}.Debug|Win32.Build.0 = Debug|Win32
		{7B1B4FA1-9EFB-49BF-A27C-0E3ABD70D959}.Release|Win32.ActiveCfg = Release|Win32
		{7B1B4FA1-9EFB-49BF-A27C-0E3ABD70D959}.Release|Win32.Build.0 = Release|Win32
		{89560F73-BCFE-4955-BFB7-AAA690CD62AB}.Debug|Win32.ActiveCfg = Debug|Win32
		{89560F73-BCFE-4955-BFB7-AAA690CD62AB}.Debug|Win32.Build.0 = Debug|Win32
		{89560F73-BCFE-4955-BFB7-AAA690CD62AB}.Release|Win32.ActiveCfg = Release|Win32
		{89560F73-BCFE-4955-BFB7-AAA690CD62AB}.Release|Win32.Build.0 = Release|Win32
		{50C39BAB-D7DF-48F1-963C-7697FEE24C6F}.Debug|Win32.ActiveCfg = Debug|Win32
		{50C39BAB-D7DF-48F1-963C-7697FEE24C6F}.Debug|Win32.Build.0 = Debug|Win32
		{50C39BAB-D7DF-48F1-963C-7697FEE24C6F}.Release|Win32.ActiveCfg = Release|Win32
		{50C39BAB-D7DF-48F1-963C-7697FEE24C6F}.Release|Win32.Build.0 = Release|Win32
		{5BA8094A-76C4-4524-BDA9-6FB961DDC256}.Debug|Win32.ActiveCfg = Debug|Win32
		{5BA8094A-76C4-4524-BDA9-6FB961DDC256}.Debug|Win32.Build.0 = Debug|Win32
		{5BA8094A-76C4-4524-BDA9-6FB961DDC256}.Release|Win32.ActiveCfg = Release|Win32
		{5BA8094A-76C4-4524-BDA9-6FB961DDC256}.Release|Win32.Build.0 = Release|Win32
		{C1476714-3351-4D33-A734-4AEBDDE5EFE2}.Debug|Win32.ActiveCfg = Debug|Win32
		{C1476714-3351-4D33-A734-4AEBDDE5EFE2}.Debug|Win32.Build.0 = Debug|Win32
		{C1476714-3351-4D33-A734-4AEBDDE5EFE2}.Release|Win32.ActiveCfg = Release|Win32
		{C1476714-3351-4D33-A734-4AEBDDE5EFE2}.Release|Win32.Build.0 = Release|Win32
		{AEE22DB5-8DDA-4E45-9EBF-E83C6D7673C0}.Debug|Win32.ActiveCfg = Debug|Win32
		{AEE22DB5-8DDA-4E45-9EBF-E83C6D7673C0}.Debug|Win32.Build.0 = Debug|Win32
		{AEE22DB5-8DDA-4E45-9EBF-E83C6D7673C0}.Release|Win32.ActiveCfg = Release|Win32
		{AEE22DB5-8DDA-4E45-9EBF-E83C6D7673C0}.Release|Win32.Build.0 = Release|Win32
		{987314BF-804D-40E9-BE2D-B55354B301B2}.Debug|Win32.ActiveCfg = Debug|Win32
		{987314BF-804D-40E9-BE2D-B55354B301B2}.Debug|Win32.Build.0 = Debug|Win32
		{987314BF-804D-40E9-BE2D-B55354B301B2}.Release|Win32.ActiveCfg = Release|Win32
		{987314BF-804D-40E9-BE2D-B55354B301B2}.Release|Win32.Build.0 = Release|Win32
		{E1342ED5-E1D1-447D-90CF-B4F3FDD71202}.Debug|Win32.ActiveCfg = Debug|Win32
		{E1342ED5-E1D1-447D-90CF-B4F3FDD71202}.Debug|Win32.Build.0 = Debug|Win32
		{E1342ED5-E1D1-447D-90CF-B4F3FDD71202}.Release|Win32.ActiveCfg = Release|Win32
		{E1342ED5-E1D1-447D-90CF-B4F3FDD71202}.Release|Win32.Build.0 = Release|Win32
		{957130A6-E023-4EA7-8DA6-1B9102FDF047}.Debug|Win32.ActiveCfg = Debug|Win32
		{957130A6-E023-4EA7-8DA6-1B9102FDF047}.Debug|Win32.Build.0 = Debug|Win32
		{957130A6-E023-4EA7-8DA6-1B9102FDF047}.Release|Win32.ActiveCfg = Release|Win32
		{957130A6-E023-4EA7-8DA6-1B9102FDF047}.Release|Win32.Build.0 = Release|Win32
		{2BA1FE4A-EEBE-414E-B1FE-C8233EECED14}.Debug|Win32.ActiveCfg = Debug|Win32
		{2BA1FE4A-EEBE-414E-B1FE-C8233EECED14}.Debug|Win32.Build.0 = Debug|Win32
		{2BA1FE4A-EEBE-414E-B1FE-C8233EECED14}.Release|Win32.ActiveCfg = Release|Win32
		{2BA1FE4A-EEBE-414E-B1FE-C8233EECED14}.Release|Win32.Build.0 = Release|Win32
		{401718F0-F4C1-41E3-A1CD-7DDD03904DC6}.Debug|Win32.ActiveCfg = Debug|Win32
		{401718F0-F4C1-41E3-A1CD-7DDD03904DC6}.Debug|Win32.Build.0 = Debug|Win32
		{401718F0-F4C1-41E3-A1CD-7DDD03904DC6}.Release|Win32.ActiveCfg = Release|Win32
		{401718F0-F4C1-41E3-A1CD-7DDD03904DC6}.Release|Win32.Build.0 = Release|Win32
		{5B472A3D-F9CA-4186-99D6-118171AEBFDB}.Debug|Win32.ActiveCfg = Debug|Win32
		{5B472A3D-F9CA-4186-99D6-118171AEBFDB}.Debug|Win32.Build.0 = Debug|Win32
		{5B472A3D-F9CA-4186-99D6-118171AEBFDB}.Release|Win32.ActiveCfg = Release|Win32
		{5B472A3D-F9CA-4186-99D6-118171AEBFDB}.Release|Win32.Build.0 = Release|Win32
		{1D40F811-0A2E-44AF-845A-042DC491AB8C}.Debug|Win32.ActiveCfg = Debug|Win32
		{1D40F811-0A2E-44AF-845A-042DC491AB8C}.Debug|Win32.Build.0 = Debug|Win32
		{1D40F811-0A2E-44AF-845A-042DC491AB8C}.Release|Win32.ActiveCfg = Release|Win32
		{1D40F811-0A2E-44AF-845A-042DC491AB8C}.Release|Win32.Build.0 = Release|Win32
		{537BB16A-183F-47FF-BA0F-74068A7DF64A}.Debug|Win32.ActiveCfg = Debug|Win32
		{537BB16A-183F-47FF-BA0F-74068A7DF64A}.Debug|Win32.Build.0 = Debug|Win32
		{537BB16A-183F-47FF-BA0F-74068A7DF64A}.Release|Win32.ActiveCfg = Release|Win32
		{537BB16A-183F-47FF-BA0F-74068A7DF64A}.Release|Win32.Build.0 = Release|Win32
		{312AA9FA-FE54-4C25-B2A6-5AA0789592B7}.Debug|Win32.ActiveCfg = Debug|Win32
		{312AA9FA-FE54-4C25-B2A6-5AA0789592B7}.Debug|Win32.Build.0 = Debug|Win32
		{312AA9FA-FE54-4C25-B2A6-5AA0789592B7}.Release|Win32.ActiveCfg = Release|Win32
		{312AA9FA-FE54-4C25-B2A6-5AA0789592B7}.Release|Win32.Build.0 = Release|Win32
		{443EF107-B02F-4E4A-AD48-350043FF821B}.Debug|Win32.ActiveCfg = Debug|Win32
		{443EF107-B02F-4E4A-AD48-350043FF821B}.Debug|Win32.Build.0 = Debug|Win32
		{443EF107-B02F-4E4A-AD48-350043FF821B}.Release|Win32.ActiveCfg = Release|Win32
		{443EF107-B02F-4E4A-AD48-350043FF821B}.Release|Win32.Build.0 = Release|Win32
	EndGlobalSection
	GlobalSection(SolutionProperties) = preSolution
		HideSolutionNode = FALSE
	EndGlobalSection
EndGlobal
